{
  "name": "tf-idf-chinese",
  "version": "1.0.1",
  "lockfileVersion": 2,
  "requires": true,
  "packages": {
    "": {
      "name": "tf-idf-chinese",
      "version": "1.0.1",
      "license": "MIT",
      "dependencies": {
        "segment": "^0.1.3"
      }
    },
    "node_modules/segment": {
      "version": "0.1.3",
      "resolved": "https://registry.npmmirror.com/segment/-/segment-0.1.3.tgz",
      "integrity": "sha512-4Kjk38q0ykMIK5a+uo2MjTM2EECJaLLQOkdptceiYHTFZU/iciWXiFiGTG8Or/cfO2RqjlLw/s6rqijxAFSKFQ==",
      "engines": {
        "node": ">= 0.4.0"
      }
    }
  },
  "dependencies": {
    "segment": {
      "version": "0.1.3",
      "resolved": "https://registry.npmmirror.com/segment/-/segment-0.1.3.tgz",
      "integrity": "sha512-4Kjk38q0ykMIK5a+uo2MjTM2EECJaLLQOkdptceiYHTFZU/iciWXiFiGTG8Or/cfO2RqjlLw/s6rqijxAFSKFQ=="
    }
  }
}
